// !$*UTF8*$!
{
	archiveVersion = 1;
	classes = {
	};
	objectVersion = 48;
	objects = {

/* Begin PBXBuildFile section */
		6E0B7809E5C257E24E862757 /* Pods_WeexDemoSwift.framework in Frameworks */ = {isa = PBXBuildFile; fileRef = 07409F331793AFB3A6D88CBE /* Pods_WeexDemoSwift.framework */; };
		A63DD94D20575F4C0029AE3F /* HelloWorld.js in Resources */ = {isa = PBXBuildFile; fileRef = A63DD94C20575F4C0029AE3F /* HelloWorld.js */; };
		A65A53AA20561308009C7D85 /* AppDelegate.swift in Sources */ = {isa = PBXBuildFile; fileRef = A65A53A920561308009C7D85 /* AppDelegate.swift */; };
		A65A53AC20561308009C7D85 /* ViewController.swift in Sources */ = {isa = PBXBuildFile; fileRef = A65A53AB20561308009C7D85 /* ViewController.swift */; };
		A65A53AF20561308009C7D85 /* Main.storyboard in Resources */ = {isa = PBXBuildFile; fileRef = A65A53AD20561308009C7D85 /* Main.storyboard */; };
		A65A53B120561308009C7D85 /* Assets.xcassets in Resources */ = {isa = PBXBuildFile; fileRef = A65A53B020561308009C7D85 /* Assets.xcassets */; };
		A65A53B420561308009C7D85 /* LaunchScreen.storyboard in Resources */ = {isa = PBXBuildFile; fileRef = A65A53B220561308009C7D85 /* LaunchScreen.storyboard */; };
/* End PBXBuildFile section */

/* Begin PBXFileReference section */
		05DD23A36B79EBF7A7FE3646 /* Pods-WeexDemoSwift.debug.xcconfig */ = {isa = PBXFileReference; includeInIndex = 1; lastKnownFileType = text.xcconfig; name = "Pods-WeexDemoSwift.debug.xcconfig"; path = "Pods/Target Support Files/Pods-WeexDemoSwift/Pods-WeexDemoSwift.debug.xcconfig"; sourceTree = "<group>"; };
		07409F331793AFB3A6D88CBE /* Pods_WeexDemoSwift.framework */ = {isa = PBXFileReference; explicitFileType = wrapper.framework; includeInIndex = 0; path = Pods_WeexDemoSwift.framework; sourceTree = BUILT_PRODUCTS_DIR; };
		9B07182B9A263BA55C4666C4 /* Pods-WeexDemoSwift.release.xcconfig */ = {isa = PBXFileReference; includeInIndex = 1; lastKnownFileType = text.xcconfig; name = "Pods-WeexDemoSwift.release.xcconfig"; path = "Pods/Target Support Files/Pods-WeexDemoSwift/Pods-WeexDemoSwift.release.xcconfig"; sourceTree = "<group>"; };
		A63DD94C20575F4C0029AE3F /* HelloWorld.js */ = {isa = PBXFileReference; fileEncoding = 4; lastKnownFileType = sourcecode.javascript; name = HelloWorld.js; path = weexswift/dist/components/HelloWorld.js; sourceTree = SOURCE_ROOT; };
		A65A53A620561308009C7D85 /* WeexDemoSwift.app */ = {isa = PBXFileReference; explicitFileType = wrapper.application; includeInIndex = 0; path = WeexDemoSwift.app; sourceTree = BUILT_PRODUCTS_DIR; };
		A65A53A920561308009C7D85 /* AppDelegate.swift */ = {isa = PBXFileReference; lastKnownFileType = sourcecode.swift; path = AppDelegate.swift; sourceTree = "<group>"; };
		A65A53AB20561308009C7D85 /* ViewController.swift */ = {isa = PBXFileReference; lastKnownFileType = sourcecode.swift; path = ViewController.swift; sourceTree = "<group>"; };
		A65A53AE20561308009C7D85 /* Base */ = {isa = PBXFileReference; lastKnownFileType = file.storyboard; name = Base; path = Base.lproj/Main.storyboard; sourceTree = "<group>"; };
		A65A53B020561308009C7D85 /* Assets.xcassets */ = {isa = PBXFileReference; lastKnownFileType = folder.assetcatalog; path = Assets.xcassets; sourceTree = "<group>"; };
		A65A53B320561308009C7D85 /* Base */ = {isa = PBXFileReference; lastKnownFileType = file.storyboard; name = Base; path = Base.lproj/LaunchScreen.storyboard; sourceTree = "<group>"; };
		A65A53B520561308009C7D85 /* Info.plist */ = {isa = PBXFileReference; lastKnownFileType = text.plist.xml; path = Info.plist; sourceTree = "<group>"; };
/* End PBXFileReference section */

/* Begin PBXFrameworksBuildPhase section */
		A65A53A320561308009C7D85 /* Frameworks */ = {
			isa = PBXFrameworksBuildPhase;
			buildActionMask = 2147483647;
			files = (
				6E0B7809E5C257E24E862757 /* Pods_WeexDemoSwift.framework in Frameworks */,
			);
			runOnlyForDeploymentPostprocessing = 0;
		};
/* End PBXFrameworksBuildPhase section */

/* Begin PBXGroup section */
		09B40206F83665FB1490746B /* Pods */ = {
			isa = PBXGroup;
			children = (
				05DD23A36B79EBF7A7FE3646 /* Pods-WeexDemoSwift.debug.xcconfig */,
				9B07182B9A263BA55C4666C4 /* Pods-WeexDemoSwift.release.xcconfig */,
			);
			name = Pods;
			sourceTree = "<group>";
		};
		661A5DC82732ED24940D1BD6 /* Frameworks */ = {
			isa = PBXGroup;
			children = (
				07409F331793AFB3A6D88CBE /* Pods_WeexDemoSwift.framework */,
			);
			name = Frameworks;
			sourceTree = "<group>";
		};
		A65A539D20561308009C7D85 = {
			isa = PBXGroup;
			children = (
				A65A53A820561308009C7D85 /* WeexDemoSwift */,
				A65A53A720561308009C7D85 /* Products */,
				09B40206F83665FB1490746B /* Pods */,
				661A5DC82732ED24940D1BD6 /* Frameworks */,
			);
			sourceTree = "<group>";
		};
		A65A53A720561308009C7D85 /* Products */ = {
			isa = PBXGroup;
			children = (
				A65A53A620561308009C7D85 /* WeexDemoSwift.app */,
			);
			name = Products;
			sourceTree = "<group>";
		};
		A65A53A820561308009C7D85 /* WeexDemoSwift */ = {
			isa = PBXGroup;
			children = (
				A63DD94C20575F4C0029AE3F /* HelloWorld.js */,
				A65A53A920561308009C7D85 /* AppDelegate.swift */,
				A65A53AB20561308009C7D85 /* ViewController.swift */,
				A65A53AD20561308009C7D85 /* Main.storyboard */,
				A65A53B020561308009C7D85 /* Assets.xcassets */,
				A65A53B220561308009C7D85 /* LaunchScreen.storyboard */,
				A65A53B520561308009C7D85 /* Info.plist */,
			);
			path = WeexDemoSwift;
			sourceTree = "<group>";
		};
/* End PBXGroup section */

/* Begin PBXNativeTarget section */
		A65A53A520561308009C7D85 /* WeexDemoSwift */ = {
			isa = PBXNativeTarget;
			buildConfigurationList = A65A53B820561308009C7D85 /* Build configuration list for PBXNativeTarget "WeexDemoSwift" */;
			buildPhases = (
				F3E0B6FEBC0158BF6DDAACDE /* [CP] Check Pods Manifest.lock */,
				A65A53A220561308009C7D85 /* Sources */,
				A65A53A320561308009C7D85 /* Frameworks */,
				A65A53A420561308009C7D85 /* Resources */,
				2B7D97781EF8530176758380 /* [CP] Embed Pods Frameworks */,
				7422764A3BA8791E58862268 /* [CP] Copy Pods Resources */,
			);
			buildRules = (
			);
			dependencies = (
			);
			name = WeexDemoSwift;
			productName = WeexDemoSwift;
			productReference = A65A53A620561308009C7D85 /* WeexDemoSwift.app */;
			productType = "com.apple.product-type.application";
		};
/* End PBXNativeTarget section */

/* Begin PBXProject section */
		A65A539E20561308009C7D85 /* Project object */ = {
			isa = PBXProject;
			attributes = {
				LastSwiftUpdateCheck = 0920;
				LastUpgradeCheck = 0920;
				ORGANIZATIONNAME = PonyMuch;
				TargetAttributes = {
					A65A53A520561308009C7D85 = {
						CreatedOnToolsVersion = 9.2;
						ProvisioningStyle = Automatic;
					};
				};
			};
			buildConfigurationList = A65A53A120561308009C7D85 /* Build configuration list for PBXProject "WeexDemoSwift" */;
			compatibilityVersion = "Xcode 8.0";
			developmentRegion = en;
			hasScannedForEncodings = 0;
			knownRegions = (
				en,
				Base,
			);
			mainGroup = A65A539D20561308009C7D85;
			productRefGroup = A65A53A720561308009C7D85 /* Products */;
			projectDirPath = "";
			projectRoot = "";
			targets = (
				A65A53A520561308009C7D85 /* WeexDemoSwift */,
			);
		};
/* End PBXProject section */

/* Begin PBXResourcesBuildPhase section */
		A65A53A420561308009C7D85 /* Resources */ = {
			isa = PBXResourcesBuildPhase;
			buildActionMask = 2147483647;
			files = (
				A65A53B420561308009C7D85 /* LaunchScreen.storyboard in Resources */,
				A65A53B120561308009C7D85 /* Assets.xcassets in Resources */,
				A63DD94D20575F4C0029AE3F /* HelloWorld.js in Resources */,
				A65A53AF20561308009C7D85 /* Main.storyboard in Resources */,
			);
			runOnlyForDeploymentPostprocessing = 0;
		};
/* End PBXResourcesBuildPhase section */

/* Begin PBXShellScriptBuildPhase section */
		2B7D97781EF8530176758380 /* [CP] Embed Pods Frameworks */ = {
			isa = PBXShellScriptBuildPhase;
			buildActionMask = 2147483647;
			files = (
			);
			inputPaths = (
				"${SRCROOT}/Pods/Target Support Files/Pods-WeexDemoSwift/Pods-WeexDemoSwift-frameworks.sh",
				"${BUILT_PRODUCTS_DIR}/WeexSDK/WeexSDK.framework",
			);
			name = "[CP] Embed Pods Frameworks";
			outputPaths = (
				"${TARGET_BUILD_DIR}/${FRAMEWORKS_FOLDER_PATH}/WeexSDK.framework",
			);
			runOnlyForDeploymentPostprocessing = 0;
			shellPath = /bin/sh;
			shellScript = "\"${SRCROOT}/Pods/Target Support Files/Pods-WeexDemoSwift/Pods-WeexDemoSwift-frameworks.sh\"\n";
			showEnvVarsInLog = 0;
		};
		7422764A3BA8791E58862268 /* [CP] Copy Pods Resources */ = {
			isa = PBXShellScriptBuildPhase;
			buildActionMask = 2147483647;
			files = (
			);
			inputPaths = (
			);
			name = "[CP] Copy Pods Resources";
			outputPaths = (
			);
			runOnlyForDeploymentPostprocessing = 0;
			shellPath = /bin/sh;
			shellScript = "\"${SRCROOT}/Pods/Target Support Files/Pods-WeexDemoSwift/Pods-WeexDemoSwift-resources.sh\"\n";
			showEnvVarsInLog = 0;
		};
		F3E0B6FEBC0158BF6DDAACDE /* [CP] Check Pods Manifest.lock */ = {
			isa = PBXShellScriptBuildPhase;
			buildActionMask = 2147483647;
			files = (
			);
			inputPaths = (
				"${PODS_PODFILE_DIR_PATH}/Podfile.lock",
				"${PODS_ROOT}/Manifest.lock",
			);
			name = "[CP] Check Pods Manifest.lock";
			outputPaths = (
				"$(DERIVED_FILE_DIR)/Pods-WeexDemoSwift-checkManifestLockResult.txt",
			);
			runOnlyForDeploymentPostprocessing = 0;
			shellPath = /bin/sh;
			shellScript = "diff \"${PODS_PODFILE_DIR_PATH}/Podfile.lock\" \"${PODS_ROOT}/Manifest.lock\" > /dev/null\nif [ $? != 0 ] ; then\n    # print error to STDERR\n    echo \"error: The sandbox is not in sync with the Podfile.lock. Run 'pod install' or update your CocoaPods installation.\" >&2\n    exit 1\nfi\n# This output is used by Xcode 'outputs' to avoid re-running this script phase.\necho \"SUCCESS\" > \"${SCRIPT_OUTPUT_FILE_0}\"\n";
			showEnvVarsInLog = 0;
		};
/* End PBXShellScriptBuildPhase section */

/* Begin PBXSourcesBuildPhase section */
		A65A53A220561308009C7D85 /* Sources */ = {
			isa = PBXSourcesBuildPhase;
			buildActionMask = 2147483647;
			files = (
				A65A53AC20561308009C7D85 /* ViewController.swift in Sources */,
				A65A53AA20561308009C7D85 /* AppDelegate.swift in Sources */,
			);
			runOnlyForDeploymentPostprocessing = 0;
		};
/* End PBXSourcesBuildPhase section */

/* Begin PBXVariantGroup section */
		A65A53AD20561308009C7D85 /* Main.storyboard */ = {
			isa = PBXVariantGroup;
			children = (
				A65A53AE20561308009C7D85 /* Base */,
			);
			name = Main.storyboard;
			sourceTree = "<group>";
		};
		A65A53B220561308009C7D85 /* LaunchScreen.storyboard */ = {
			isa = PBXVariantGroup;
			children = (
				A65A53B320561308009C7D85 /* Base */,
			);
			name = LaunchScreen.storyboard;
			sourceTree = "<group>";
		};
/* End PBXVariantGroup section */

/* Begin XCBuildConfiguration section */
		A65A53B620561308009C7D85 /* Debug */ = {
			isa = XCBuildConfiguration;
			buildSettings = {
				ALWAYS_SEARCH_USER_PATHS = NO;
				CLANG_ANALYZER_NONNULL = YES;
				CLANG_ANALYZER_NUMBER_OBJECT_CONVERSION = YES_AGGRESSIVE;
				CLANG_CXX_LANGUAGE_STANDARD = "gnu++14";
				CLANG_CXX_LIBRARY = "libc++";
				CLANG_ENABLE_MODULES = YES;
				CLANG_ENABLE_OBJC_ARC = YES;
				CLANG_WARN_BLOCK_CAPTURE_AUTORELEASING = YES;
				CLANG_WARN_BOOL_CONVERSION = YES;
				CLANG_WARN_COMMA = YES;
				CLANG_WARN_CONSTANT_CONVERSION = YES;
				CLANG_WARN_DIRECT_OBJC_ISA_USAGE = YES_ERROR;
				CLANG_WARN_DOCUMENTATION_COMMENTS = YES;
				CLANG_WARN_EMPTY_BODY = YES;
				CLANG_WARN_ENUM_CONVERSION = YES;
				CLANG_WARN_INFINITE_RECURSION = YES;
				CLANG_WARN_INT_CONVERSION = YES;
				CLANG_WARN_NON_LITERAL_NULL_CONVERSION = YES;
				CLANG_WARN_OBJC_LITERAL_CONVERSION = YES;
				CLANG_WARN_OBJC_ROOT_CLASS = YES_ERROR;
				CLANG_WARN_RANGE_LOOP_ANALYSIS = YES;
				CLANG_WARN_STRICT_PROTOTYPES = YES;
				CLANG_WARN_SUSPICIOUS_MOVE = YES;
				CLANG_WARN_UNGUARDED_AVAILABILITY = YES_AGGRESSIVE;
				CLANG_WARN_UNREACHABLE_CODE = YES;
				CLANG_WARN__DUPLICATE_METHOD_MATCH = YES;
				CODE_SIGN_IDENTITY = "iPhone Developer";
				COPY_PHASE_STRIP = NO;
				DEBUG_INFORMATION_FORMAT = dwarf;
				ENABLE_STRICT_OBJC_MSGSEND = YES;
				ENABLE_TESTABILITY = YES;
				GCC_C_LANGUAGE_STANDARD = gnu11;
				GCC_DYNAMIC_NO_PIC = NO;
				GCC_NO_COMMON_BLOCKS = YES;
				GCC_OPTIMIZATION_LEVEL = 0;
				GCC_PREPROCESSOR_DEFINITIONS = (
					"DEBUG=1",
					"$(inherited)",
				);
				GCC_WARN_64_TO_32_BIT_CONVERSION = YES;
				GCC_WARN_ABOUT_RETURN_TYPE = YES_ERROR;
				GCC_WARN_UNDECLARED_SELECTOR = YES;
				GCC_WARN_UNINITIALIZED_AUTOS = YES_AGGRESSIVE;
				GCC_WARN_UNUSED_FUNCTION = YES;
				GCC_WARN_UNUSED_VARIABLE = YES;
				IPHONEOS_DEPLOYMENT_TARGET = 11.2;
				MTL_ENABLE_DEBUG_INFO = YES;
				ONLY_ACTIVE_ARCH = YES;
				SDKROOT = iphoneos;
				SWIFT_ACTIVE_COMPILATION_CONDITIONS = DEBUG;
				SWIFT_OPTIMIZATION_LEVEL = "-Onone";
			};
			name = Debug;
		};
		A65A53B720561308009C7D85 /* Release */ = {
			isa = XCBuildConfiguration;
			buildSettings = {
				ALWAYS_SEARCH_USER_PATHS = NO;
				CLANG_ANALYZER_NONNULL = YES;
				CLANG_ANALYZER_NUMBER_OBJECT_CONVERSION = YES_AGGRESSIVE;
				CLANG_CXX_LANGUAGE_STANDARD = "gnu++14";
				CLANG_CXX_LIBRARY = "libc++";
				CLANG_ENABLE_MODULES = YES;
				CLANG_ENABLE_OBJC_ARC = YES;
				CLANG_WARN_BLOCK_CAPTURE_AUTORELEASING = YES;
				CLANG_WARN_BOOL_CONVERSION = YES;
				CLANG_WARN_COMMA = YES;
				CLANG_WARN_CONSTANT_CONVERSION = YES;
				CLANG_WARN_DIRECT_OBJC_ISA_USAGE = YES_ERROR;
				CLANG_WARN_DOCUMENTATION_COMMENTS = YES;
				CLANG_WARN_EMPTY_BODY = YES;
				CLANG_WARN_ENUM_CONVERSION = YES;
				CLANG_WARN_INFINITE_RECURSION = YES;
				CLANG_WARN_INT_CONVERSION = YES;
				CLANG_WARN_NON_LITERAL_NULL_CONVERSION = YES;
				CLANG_WARN_OBJC_LITERAL_CONVERSION = YES;
				CLANG_WARN_OBJC_ROOT_CLASS = YES_ERROR;
				CLANG_WARN_RANGE_LOOP_ANALYSIS = YES;
				CLANG_WARN_STRICT_PROTOTYPES = YES;
				CLANG_WARN_SUSPICIOUS_MOVE = YES;
				CLANG_WARN_UNGUARDED_AVAILABILITY = YES_AGGRESSIVE;
				CLANG_WARN_UNREACHABLE_CODE = YES;
				CLANG_WARN__DUPLICATE_METHOD_MATCH = YES;
				CODE_SIGN_IDENTITY = "iPhone Developer";
				COPY_PHASE_STRIP = NO;
				DEBUG_INFORMATION_FORMAT = "dwarf-with-dsym";
				ENABLE_NS_ASSERTIONS = NO;
				ENABLE_STRICT_OBJC_MSGSEND = YES;
				GCC_C_LANGUAGE_STANDARD = gnu11;
				GCC_NO_COMMON_BLOCKS = YES;
				GCC_WARN_64_TO_32_BIT_CONVERSION = YES;
				GCC_WARN_ABOUT_RETURN_TYPE = YES_ERROR;
				GCC_WARN_UNDECLARED_SELECTOR = YES;
				GCC_WARN_UNINITIALIZED_AUTOS = YES_AGGRESSIVE;
				GCC_WARN_UNUSED_FUNCTION = YES;
				GCC_WARN_UNUSED_VARIABLE = YES;
				IPHONEOS_DEPLOYMENT_TARGET = 11.2;
				MTL_ENABLE_DEBUG_INFO = NO;
				SDKROOT = iphoneos;
				SWIFT_OPTIMIZATION_LEVEL = "-Owholemodule";
				VALIDATE_PRODUCT = YES;
			};
			name = Release;
		};
		A65A53B920561308009C7D85 /* Debug */ = {
			isa = XCBuildConfiguration;
			baseConfigurationReference = 05DD23A36B79EBF7A7FE3646 /* Pods-WeexDemoSwift.debug.xcconfig */;
			buildSettings = {
				ASSETCATALOG_COMPILER_APPICON_NAME = AppIcon;
				CODE_SIGN_STYLE = Automatic;
				DEVELOPMENT_TEAM = J2ET3MJWNT;
				INFOPLIST_FILE = WeexDemoSwift/Info.plist;
				IPHONEOS_DEPLOYMENT_TARGET = 9.0;
				LD_RUNPATH_SEARCH_PATHS = "$(inherited) @executable_path/Frameworks";
				OTHER_LDFLAGS = (
					"$(inherited)",
					"-framework",
					"\"WeexSDK\"",
					"-Objc",
				);
				PRODUCT_BUNDLE_IDENTIFIER = com.github.WeexDemoSwift;
				PRODUCT_NAME = "$(TARGET_NAME)";
				SWIFT_VERSION = 4.0;
				TARGETED_DEVICE_FAMILY = 1;
			};
			name = Debug;
		};
		A65A53BA20561308009C7D85 /* Release */ = {
			isa = XCBuildConfiguration;
			baseConfigurationReference = 9B07182B9A263BA55C4666C4 /* Pods-WeexDemoSwift.release.xcconfig */;
			buildSettings = {
				ASSETCATALOG_COMPILER_APPICON_NAME = AppIcon;
				CODE_SIGN_STYLE = Automatic;
				DEVELOPMENT_TEAM = J2ET3MJWNT;
				INFOPLIST_FILE = WeexDemoSwift/Info.plist;
				IPHONEOS_DEPLOYMENT_TARGET = 9.0;
				LD_RUNPATH_SEARCH_PATHS = "$(inherited) @executable_path/Frameworks";
				OTHER_LDFLAGS = (
					"$(inherited)",
					"-framework",
					"\"WeexSDK\"",
					"-Objc",
				);
				PRODUCT_BUNDLE_IDENTIFIER = com.github.WeexDemoSwift;
				PRODUCT_NAME = "$(TARGET_NAME)";
				SWIFT_VERSION = 4.0;
				TARGETED_DEVICE_FAMILY = 1;
			};
			name = Release;
		};
/* End XCBuildConfiguration section */

/* Begin XCConfigurationList section */
		A65A53A120561308009C7D85 /* Build configuration list for PBXProject "WeexDemoSwift" */ = {
			isa = XCConfigurationList;
			buildConfigurations = (
				A65A53B620561308009C7D85 /* Debug */,
				A65A53B720561308009C7D85 /* Release */,
			);
			defaultConfigurationIsVisible = 0;
			defaultConfigurationName = Release;
		};
		A65A53B820561308009C7D85 /* Build configuration list for PBXNativeTarget "WeexDemoSwift" */ = {
			isa = XCConfigurationList;
			buildConfigurations = (
				A65A53B920561308009C7D85 /* Debug */,
				A65A53BA20561308009C7D85 /* Release */,
			);
			defaultConfigurationIsVisible = 0;
			defaultConfigurationName = Release;
		};
/* End XCConfigurationList section */
	};
	rootObject = A65A539E20561308009C7D85 /* Project object */;
}
